
Microsoft Visual Studio Solution File, Format Version 12.00
# Visual Studio Version 17
VisualStudioVersion = 17.3.32901.215
MinimumVisualStudioVersion = 10.0.40219.1
Project("{FAE04EC0-301F-11D3-BF4B-00C04F79EFBC}") = "reddit-app-api", "reddit-app-api\reddit-app-api.csproj", "{E52252CE-2800-4237-9C58-008B0C8274E4}"
EndProject
Global
	GlobalSection(SolutionConfigurationPlatforms) = preSolution
		Debug|Any CPU = Debug|Any CPU
		Release|Any CPU = Release|Any CPU
	EndGlobalSection
	GlobalSection(ProjectConfigurationPlatforms) = postSolution
		{E52252CE-2800-4237-9C58-008B0C8274E4}.Debug|Any CPU.ActiveCfg = Debug|Any CPU
		{E52252CE-2800-4237-9C58-008B0C8274E4}.Debug|Any CPU.Build.0 = Debug|Any CPU
		{E52252CE-2800-4237-9C58-008B0C8274E4}.Release|Any CPU.ActiveCfg = Release|Any CPU
		{E52252CE-2800-4237-9C58-008B0C8274E4}.Release|Any CPU.Build.0 = Release|Any CPU
	EndGlobalSection
	GlobalSection(SolutionProperties) = preSolution
		HideSolutionNode = FALSE
	EndGlobalSection
	GlobalSection(ExtensibilityGlobals) = postSolution
		SolutionGuid = {45CA0A54-5E0E-4BDC-BE7D-90970F89793B}
	EndGlobalSection
EndGlobal
